
Microsoft Visual Studio Solution File, Format Version 12.00
# Visual Studio Version 16
VisualStudioVersion = 16.0.31624.102
MinimumVisualStudioVersion = 10.0.40219.1
Project("{888888A0-9F3D-457C-B088-3A5042F75D52}") = "Bucket task", "Bucket task.pyproj", "{7E7526AE-148E-4CCE-9125-C4A1705F4BB5}"
EndProject
Global
	GlobalSection(SolutionConfigurationPlatforms) = preSolution
		Debug|Any CPU = Debug|Any CPU
		Release|Any CPU = Release|Any CPU
	EndGlobalSection
	GlobalSection(ProjectConfigurationPlatforms) = postSolution
		{7E7526AE-148E-4CCE-9125-C4A1705F4BB5}.Debug|Any CPU.ActiveCfg = Debug|Any CPU
		{7E7526AE-148E-4CCE-9125-C4A1705F4BB5}.Release|Any CPU.ActiveCfg = Release|Any CPU
	EndGlobalSection
	GlobalSection(SolutionProperties) = preSolution
		HideSolutionNode = FALSE
	EndGlobalSection
	GlobalSection(ExtensibilityGlobals) = postSolution
		SolutionGuid = {15516C4A-CC21-414F-A070-0E97908E41C4}
	EndGlobalSection
EndGlobal
